
Microsoft Visual Studio Solution File, Format Version 12.00
# Visual Studio Version 16
VisualStudioVersion = 16.0.33328.57
MinimumVisualStudioVersion = 10.0.40219.1
Project("{FAE04EC0-301F-11D3-BF4B-00C04F79EFBC}") = "SimpleCalculator", "SimpleCalculator\SimpleCalculator.csproj", "{3B73BEC7-022B-4C7D-810C-35009362C645}"
EndProject
Project("{FAE04EC0-301F-11D3-BF4B-00C04F79EFBC}") = "SimpleCalculator.Test", "SimpleCalculator.Test\SimpleCalculator.Test.csproj", "{5FA9CD13-43B9-408F-B0E6-44025D80A639}"
EndProject
Global
	GlobalSection(SolutionConfigurationPlatforms) = preSolution
		Debug|Any CPU = Debug|Any CPU
		Release|Any CPU = Release|Any CPU
	EndGlobalSection
	GlobalSection(ProjectConfigurationPlatforms) = postSolution
		{3B73BEC7-022B-4C7D-810C-35009362C645}.Debug|Any CPU.ActiveCfg = Debug|Any CPU
		{3B73BEC7-022B-4C7D-810C-35009362C645}.Debug|Any CPU.Build.0 = Debug|Any CPU
		{3B73BEC7-022B-4C7D-810C-35009362C645}.Release|Any CPU.ActiveCfg = Release|Any CPU
		{3B73BEC7-022B-4C7D-810C-35009362C645}.Release|Any CPU.Build.0 = Release|Any CPU
		{5FA9CD13-43B9-408F-B0E6-44025D80A639}.Debug|Any CPU.ActiveCfg = Debug|Any CPU
		{5FA9CD13-43B9-408F-B0E6-44025D80A639}.Debug|Any CPU.Build.0 = Debug|Any CPU
		{5FA9CD13-43B9-408F-B0E6-44025D80A639}.Release|Any CPU.ActiveCfg = Release|Any CPU
		{5FA9CD13-43B9-408F-B0E6-44025D80A639}.Release|Any CPU.Build.0 = Release|Any CPU
	EndGlobalSection
	GlobalSection(SolutionProperties) = preSolution
		HideSolutionNode = FALSE
	EndGlobalSection
	GlobalSection(ExtensibilityGlobals) = postSolution
		SolutionGuid = {13D604B3-FA39-4DB7-AF00-4D4D12AA382E}
	EndGlobalSection
EndGlobal
